{
  "name": "agent-buildprint",
  "version": "0.0.4",
  "lockfileVersion": 3,
  "requires": true,
  "packages": {
    "": {
      "name": "agent-buildprint",
      "version": "0.0.4",
      "license": "MIT",
      "bin": {
        "agb": "bin/agb.js"
      },
      "engines": {
        "node": ">=20"
      }
    }
  }
}
